// !$*UTF8*$!
{
	archiveVersion = 1;
	classes = {
	};
	objectVersion = 51;
	objects = {

/* Begin PBXBuildFile section */
		6A2A63D1252F137200091A13 /* AppDelegate.swift in Sources */ = {isa = PBXBuildFile; fileRef = 6A2A63D0252F137200091A13 /* AppDelegate.swift */; };
		6A2A63D3252F137200091A13 /* SceneDelegate.swift in Sources */ = {isa = PBXBuildFile; fileRef = 6A2A63D2252F137200091A13 /* SceneDelegate.swift */; };
		6A2A63D7252F137900091A13 /* Assets.xcassets in Resources */ = {isa = PBXBuildFile; fileRef = 6A2A63D6252F137900091A13 /* Assets.xcassets */; };
		6A2A63DA252F137900091A13 /* Preview Assets.xcassets in Resources */ = {isa = PBXBuildFile; fileRef = 6A2A63D9252F137900091A13 /* Preview Assets.xcassets */; };
		6A2A63DD252F137900091A13 /* LaunchScreen.storyboard in Resources */ = {isa = PBXBuildFile; fileRef = 6A2A63DB252F137900091A13 /* LaunchScreen.storyboard */; };
		6A393FAA25313CDD00C6A177 /* Roboto-Bold.ttf in Resources */ = {isa = PBXBuildFile; fileRef = 6A393FA925313CDD00C6A177 /* Roboto-Bold.ttf */; };
		6A393FAE25313CEA00C6A177 /* Roboto-Regular.ttf in Resources */ = {isa = PBXBuildFile; fileRef = 6A393FAD25313CEA00C6A177 /* Roboto-Regular.ttf */; };
		6A393FB825314FE800C6A177 /* ViewNavbar.swift in Sources */ = {isa = PBXBuildFile; fileRef = 6A393FB725314FE800C6A177 /* ViewNavbar.swift */; };
		6A6CB9A9252F145900A52337 /* RepositoryViewController.swift in Sources */ = {isa = PBXBuildFile; fileRef = 6A6CB9A8252F145900A52337 /* RepositoryViewController.swift */; };
		6A6CB9AE252F147100A52337 /* Coordinator.swift in Sources */ = {isa = PBXBuildFile; fileRef = 6A6CB9AD252F147100A52337 /* Coordinator.swift */; };
		6A88C46126353426007E5F81 /* WebViewCoordinator.swift in Sources */ = {isa = PBXBuildFile; fileRef = 6A88C46026353426007E5F81 /* WebViewCoordinator.swift */; };
		6A88C47726357DFA007E5F81 /* CommitTableViewCell.swift in Sources */ = {isa = PBXBuildFile; fileRef = 6A88C47626357DFA007E5F81 /* CommitTableViewCell.swift */; };
		6A88C47B26358618007E5F81 /* DefaultSearchCommitUseCase.swift in Sources */ = {isa = PBXBuildFile; fileRef = 6A88C47A26358618007E5F81 /* DefaultSearchCommitUseCase.swift */; };
		6A88C47F26358667007E5F81 /* Commit.swift in Sources */ = {isa = PBXBuildFile; fileRef = 6A88C47E26358667007E5F81 /* Commit.swift */; };
		6A88C48326358684007E5F81 /* Issue.swift in Sources */ = {isa = PBXBuildFile; fileRef = 6A88C48226358684007E5F81 /* Issue.swift */; };
		6A88C4892635878F007E5F81 /* CommitDetail.swift in Sources */ = {isa = PBXBuildFile; fileRef = 6A88C4882635878F007E5F81 /* CommitDetail.swift */; };
		6A88C48F263588FE007E5F81 /* Commiter.swift in Sources */ = {isa = PBXBuildFile; fileRef = 6A88C48E263588FE007E5F81 /* Commiter.swift */; };
		6A88C49526358B85007E5F81 /* CommitViewModel.swift in Sources */ = {isa = PBXBuildFile; fileRef = 6A88C49426358B85007E5F81 /* CommitViewModel.swift */; };
		6A88C49926358F10007E5F81 /* DefeaultSearchIssueUseCase.swift in Sources */ = {isa = PBXBuildFile; fileRef = 6A88C49826358F10007E5F81 /* DefeaultSearchIssueUseCase.swift */; };
		6A88C49F2635901A007E5F81 /* IssueViewModel.swift in Sources */ = {isa = PBXBuildFile; fileRef = 6A88C49E2635901A007E5F81 /* IssueViewModel.swift */; };
		6A88C4A32635CDB8007E5F81 /* IssueTableViewCell.swift in Sources */ = {isa = PBXBuildFile; fileRef = 6A88C4A22635CDB8007E5F81 /* IssueTableViewCell.swift */; };
		6A88C4B82635E305007E5F81 /* issues_json_success.json in Resources */ = {isa = PBXBuildFile; fileRef = 6A88C4B72635E305007E5F81 /* issues_json_success.json */; };
		6A88C4BC2635E349007E5F81 /* commits_json_success.json in Resources */ = {isa = PBXBuildFile; fileRef = 6A88C4BB2635E349007E5F81 /* commits_json_success.json */; };
		6A8F4F072632C9FA009176E0 /* SearchInputView.swift in Sources */ = {isa = PBXBuildFile; fileRef = 6A8F4F062632C9FA009176E0 /* SearchInputView.swift */; };
		6A8F4F0D26340343009176E0 /* DefaultSearchRepositoryService.swift in Sources */ = {isa = PBXBuildFile; fileRef = 6A8F4F0C26340343009176E0 /* DefaultSearchRepositoryService.swift */; };
		6A8F4F112634039D009176E0 /* GithubSearchService.swift in Sources */ = {isa = PBXBuildFile; fileRef = 6A8F4F102634039D009176E0 /* GithubSearchService.swift */; };
		6A8F4F1726340646009176E0 /* String+Ext.swift in Sources */ = {isa = PBXBuildFile; fileRef = 6A8F4F1626340646009176E0 /* String+Ext.swift */; };
		6A8F4F1D26341C77009176E0 /* Owner.swift in Sources */ = {isa = PBXBuildFile; fileRef = 6A8F4F1C26341C77009176E0 /* Owner.swift */; };
		6A8F4F2126341CF4009176E0 /* Repository.swift in Sources */ = {isa = PBXBuildFile; fileRef = 6A8F4F2026341CF4009176E0 /* Repository.swift */; };
		6A8F4F2526341E8B009176E0 /* BaseResponse.swift in Sources */ = {isa = PBXBuildFile; fileRef = 6A8F4F2426341E8B009176E0 /* BaseResponse.swift */; };
		6AA01DB0252F1CD9007997E6 /* Observable+Ext.swift in Sources */ = {isa = PBXBuildFile; fileRef = 6AA01DAF252F1CD9007997E6 /* Observable+Ext.swift */; };
		6AA01DC1252F1F6F007997E6 /* SceneCoordinator.swift in Sources */ = {isa = PBXBuildFile; fileRef = 6AA01DC0252F1F6F007997E6 /* SceneCoordinator.swift */; };
		6AA01DCC252F2013007997E6 /* Assembler.swift in Sources */ = {isa = PBXBuildFile; fileRef = 6AA01DCB252F2013007997E6 /* Assembler.swift */; };
		6AA01DD0252F2034007997E6 /* NetworkAssembly.swift in Sources */ = {isa = PBXBuildFile; fileRef = 6AA01DCF252F2034007997E6 /* NetworkAssembly.swift */; };
		6AA01DDA252F2054007997E6 /* UseCaseAssembly.swift in Sources */ = {isa = PBXBuildFile; fileRef = 6AA01DD9252F2054007997E6 /* UseCaseAssembly.swift */; };
		6AA01DEE252F22DE007997E6 /* EnvironmentVariables.swift in Sources */ = {isa = PBXBuildFile; fileRef = 6AA01DED252F22DE007997E6 /* EnvironmentVariables.swift */; };
		6AA01DF2252F2461007997E6 /* BaseService.swift in Sources */ = {isa = PBXBuildFile; fileRef = 6AA01DF1252F2461007997E6 /* BaseService.swift */; };
		6AA01E36252F302C007997E6 /* RepositoryViewModel.swift in Sources */ = {isa = PBXBuildFile; fileRef = 6AA01E35252F302C007997E6 /* RepositoryViewModel.swift */; };
		6AA01E79252F3A7F007997E6 /* Response+ObjectMapper.swift in Sources */ = {isa = PBXBuildFile; fileRef = 6AA01E78252F3A7F007997E6 /* Response+ObjectMapper.swift */; };
		6AA01E7D252F3AAD007997E6 /* Moya+ObjectMapper.swift in Sources */ = {isa = PBXBuildFile; fileRef = 6AA01E7C252F3AAD007997E6 /* Moya+ObjectMapper.swift */; };
		6AA01E81252F3B53007997E6 /* ObseravableType+ObjectMapper.swift in Sources */ = {isa = PBXBuildFile; fileRef = 6AA01E80252F3B53007997E6 /* ObseravableType+ObjectMapper.swift */; };
		6AB2DD63252F570D00286EC0 /* FeatureAssembly.swift in Sources */ = {isa = PBXBuildFile; fileRef = 6AB2DD62252F570D00286EC0 /* FeatureAssembly.swift */; };
		6AB2DD6D252F580700286EC0 /* SearchRepositorySpec.swift in Sources */ = {isa = PBXBuildFile; fileRef = 6AB2DD6C252F580700286EC0 /* SearchRepositorySpec.swift */; };
		6AB2DDAD252F612500286EC0 /* StubDataHelper.swift in Sources */ = {isa = PBXBuildFile; fileRef = 6AB2DDAC252F612500286EC0 /* StubDataHelper.swift */; };
		6AB2DDCB252F6B3800286EC0 /* repository_json_success.json in Resources */ = {isa = PBXBuildFile; fileRef = 6AB2DDCA252F6B3800286EC0 /* repository_json_success.json */; };
		6ADB02C625303913006DAF8E /* DeliveryTableViewCell.swift in Sources */ = {isa = PBXBuildFile; fileRef = 6ADB02C525303913006DAF8E /* DeliveryTableViewCell.swift */; };
		6ADB02CA25303955006DAF8E /* With.swift in Sources */ = {isa = PBXBuildFile; fileRef = 6ADB02C925303955006DAF8E /* With.swift */; };
		6ADB02CF25303A26006DAF8E /* BounceButton.swift in Sources */ = {isa = PBXBuildFile; fileRef = 6ADB02CE25303A26006DAF8E /* BounceButton.swift */; };
		6ADB02D525303A70006DAF8E /* UIView+Ext.swift in Sources */ = {isa = PBXBuildFile; fileRef = 6ADB02D425303A70006DAF8E /* UIView+Ext.swift */; };
		6ADB02DB25303D47006DAF8E /* Constants.swift in Sources */ = {isa = PBXBuildFile; fileRef = 6ADB02DA25303D47006DAF8E /* Constants.swift */; };
		6ADB02DF25303DD6006DAF8E /* BaseCollectionViewCell.swift in Sources */ = {isa = PBXBuildFile; fileRef = 6ADB02DE25303DD6006DAF8E /* BaseCollectionViewCell.swift */; };
		6ADB02E32530421A006DAF8E /* DeliveryCellViewModel.swift in Sources */ = {isa = PBXBuildFile; fileRef = 6ADB02E22530421A006DAF8E /* DeliveryCellViewModel.swift */; };
		6ADB02F325305644006DAF8E /* UIScrollView+Ext.swift in Sources */ = {isa = PBXBuildFile; fileRef = 6ADB02F225305644006DAF8E /* UIScrollView+Ext.swift */; };
		6AEBA9FC26366A9C001B6F0A /* success_empty.json in Resources */ = {isa = PBXBuildFile; fileRef = 6AEBA9FB26366A9C001B6F0A /* success_empty.json */; };
		6AEBAA0026366E49001B6F0A /* BaseTableViewCell.swift in Sources */ = {isa = PBXBuildFile; fileRef = 6AEBA9FF26366E49001B6F0A /* BaseTableViewCell.swift */; };
		6AEBAA7A26367680001B6F0A /* RepositorySectionModel.swift in Sources */ = {isa = PBXBuildFile; fileRef = 6AEBAA7926367680001B6F0A /* RepositorySectionModel.swift */; };
		7B3352EB78478E9DE2F4F2C9 /* Pods_technicalexam.framework in Frameworks */ = {isa = PBXBuildFile; fileRef = 5CB74DDC600CCA16C1C2A0A2 /* Pods_technicalexam.framework */; };
		8F5F39E9D48CBEA133F5BC99 /* Pods_technicalexamTests.framework in Frameworks */ = {isa = PBXBuildFile; fileRef = C046C6537F09C6F41A5EE9D2 /* Pods_technicalexamTests.framework */; };
/* End PBXBuildFile section */

/* Begin PBXContainerItemProxy section */
		6A2A63E4252F137900091A13 /* PBXContainerItemProxy */ = {
			isa = PBXContainerItemProxy;
			containerPortal = 6A2A63C5252F137200091A13 /* Project object */;
			proxyType = 1;
			remoteGlobalIDString = 6A2A63CC252F137200091A13;
			remoteInfo = technicalexam;
		};
/* End PBXContainerItemProxy section */

/* Begin PBXFileReference section */
		376190D21B3A0AFEBF2A0440 /* Pods-technicalexam.debug.xcconfig */ = {isa = PBXFileReference; includeInIndex = 1; lastKnownFileType = text.xcconfig; name = "Pods-technicalexam.debug.xcconfig"; path = "Target Support Files/Pods-technicalexam/Pods-technicalexam.debug.xcconfig"; sourceTree = "<group>"; };
		5451536C252CD8092495141A /* Pods-technicalexamTests.debug.xcconfig */ = {isa = PBXFileReference; includeInIndex = 1; lastKnownFileType = text.xcconfig; name = "Pods-technicalexamTests.debug.xcconfig"; path = "Target Support Files/Pods-technicalexamTests/Pods-technicalexamTests.debug.xcconfig"; sourceTree = "<group>"; };
		5CB74DDC600CCA16C1C2A0A2 /* Pods_technicalexam.framework */ = {isa = PBXFileReference; explicitFileType = wrapper.framework; includeInIndex = 0; path = Pods_technicalexam.framework; sourceTree = BUILT_PRODUCTS_DIR; };
		6A2A63CD252F137200091A13 /* technicalexam.app */ = {isa = PBXFileReference; explicitFileType = wrapper.application; includeInIndex = 0; path = technicalexam.app; sourceTree = BUILT_PRODUCTS_DIR; };
		6A2A63D0252F137200091A13 /* AppDelegate.swift */ = {isa = PBXFileReference; lastKnownFileType = sourcecode.swift; path = AppDelegate.swift; sourceTree = "<group>"; };
		6A2A63D2252F137200091A13 /* SceneDelegate.swift */ = {isa = PBXFileReference; lastKnownFileType = sourcecode.swift; path = SceneDelegate.swift; sourceTree = "<group>"; };
		6A2A63D6252F137900091A13 /* Assets.xcassets */ = {isa = PBXFileReference; lastKnownFileType = folder.assetcatalog; path = Assets.xcassets; sourceTree = "<group>"; };
		6A2A63D9252F137900091A13 /* Preview Assets.xcassets */ = {isa = PBXFileReference; lastKnownFileType = folder.assetcatalog; path = "Preview Assets.xcassets"; sourceTree = "<group>"; };
		6A2A63DC252F137900091A13 /* Base */ = {isa = PBXFileReference; lastKnownFileType = file.storyboard; name = Base; path = Base.lproj/LaunchScreen.storyboard; sourceTree = "<group>"; };
		6A2A63DE252F137900091A13 /* Info.plist */ = {isa = PBXFileReference; lastKnownFileType = text.plist.xml; path = Info.plist; sourceTree = "<group>"; };
		6A2A63E3252F137900091A13 /* technicalexamTests.xctest */ = {isa = PBXFileReference; explicitFileType = wrapper.cfbundle; includeInIndex = 0; path = technicalexamTests.xctest; sourceTree = BUILT_PRODUCTS_DIR; };
		6A2A63E9252F137900091A13 /* Info.plist */ = {isa = PBXFileReference; lastKnownFileType = text.plist.xml; path = Info.plist; sourceTree = "<group>"; };
		6A393FA925313CDD00C6A177 /* Roboto-Bold.ttf */ = {isa = PBXFileReference; lastKnownFileType = file; path = "Roboto-Bold.ttf"; sourceTree = "<group>"; };
		6A393FAD25313CEA00C6A177 /* Roboto-Regular.ttf */ = {isa = PBXFileReference; lastKnownFileType = file; path = "Roboto-Regular.ttf"; sourceTree = "<group>"; };
		6A393FB725314FE800C6A177 /* ViewNavbar.swift */ = {isa = PBXFileReference; lastKnownFileType = sourcecode.swift; path = ViewNavbar.swift; sourceTree = "<group>"; };
		6A6CB9A8252F145900A52337 /* RepositoryViewController.swift */ = {isa = PBXFileReference; lastKnownFileType = sourcecode.swift; path = RepositoryViewController.swift; sourceTree = "<group>"; };
		6A6CB9AD252F147100A52337 /* Coordinator.swift */ = {isa = PBXFileReference; lastKnownFileType = sourcecode.swift; path = Coordinator.swift; sourceTree = "<group>"; };
		6A88C46026353426007E5F81 /* WebViewCoordinator.swift */ = {isa = PBXFileReference; lastKnownFileType = sourcecode.swift; path = WebViewCoordinator.swift; sourceTree = "<group>"; };
		6A88C47626357DFA007E5F81 /* CommitTableViewCell.swift */ = {isa = PBXFileReference; lastKnownFileType = sourcecode.swift; path = CommitTableViewCell.swift; sourceTree = "<group>"; };
		6A88C47A26358618007E5F81 /* DefaultSearchCommitUseCase.swift */ = {isa = PBXFileReference; lastKnownFileType = sourcecode.swift; path = DefaultSearchCommitUseCase.swift; sourceTree = "<group>"; };
		6A88C47E26358667007E5F81 /* Commit.swift */ = {isa = PBXFileReference; lastKnownFileType = sourcecode.swift; path = Commit.swift; sourceTree = "<group>"; };
		6A88C48226358684007E5F81 /* Issue.swift */ = {isa = PBXFileReference; lastKnownFileType = sourcecode.swift; path = Issue.swift; sourceTree = "<group>"; };
		6A88C4882635878F007E5F81 /* CommitDetail.swift */ = {isa = PBXFileReference; lastKnownFileType = sourcecode.swift; path = CommitDetail.swift; sourceTree = "<group>"; };
		6A88C48E263588FE007E5F81 /* Commiter.swift */ = {isa = PBXFileReference; lastKnownFileType = sourcecode.swift; path = Commiter.swift; sourceTree = "<group>"; };
		6A88C49426358B85007E5F81 /* CommitViewModel.swift */ = {isa = PBXFileReference; lastKnownFileType = sourcecode.swift; path = CommitViewModel.swift; sourceTree = "<group>"; };
		6A88C49826358F10007E5F81 /* DefeaultSearchIssueUseCase.swift */ = {isa = PBXFileReference; lastKnownFileType = sourcecode.swift; path = DefeaultSearchIssueUseCase.swift; sourceTree = "<group>"; };
		6A88C49E2635901A007E5F81 /* IssueViewModel.swift */ = {isa = PBXFileReference; lastKnownFileType = sourcecode.swift; path = IssueViewModel.swift; sourceTree = "<group>"; };
		6A88C4A22635CDB8007E5F81 /* IssueTableViewCell.swift */ = {isa = PBXFileReference; lastKnownFileType = sourcecode.swift; path = IssueTableViewCell.swift; sourceTree = "<group>"; };
		6A88C4B72635E305007E5F81 /* issues_json_success.json */ = {isa = PBXFileReference; lastKnownFileType = text.json; path = issues_json_success.json; sourceTree = "<group>"; };
		6A88C4BB2635E349007E5F81 /* commits_json_success.json */ = {isa = PBXFileReference; lastKnownFileType = text.json; path = commits_json_success.json; sourceTree = "<group>"; };
		6A8F4F062632C9FA009176E0 /* SearchInputView.swift */ = {isa = PBXFileReference; lastKnownFileType = sourcecode.swift; path = SearchInputView.swift; sourceTree = "<group>"; };
		6A8F4F0C26340343009176E0 /* DefaultSearchRepositoryService.swift */ = {isa = PBXFileReference; lastKnownFileType = sourcecode.swift; path = DefaultSearchRepositoryService.swift; sourceTree = "<group>"; };
		6A8F4F102634039D009176E0 /* GithubSearchService.swift */ = {isa = PBXFileReference; lastKnownFileType = sourcecode.swift; path = GithubSearchService.swift; sourceTree = "<group>"; };
		6A8F4F1626340646009176E0 /* String+Ext.swift */ = {isa = PBXFileReference; lastKnownFileType = sourcecode.swift; path = "String+Ext.swift"; sourceTree = "<group>"; };
		6A8F4F1C26341C77009176E0 /* Owner.swift */ = {isa = PBXFileReference; lastKnownFileType = sourcecode.swift; path = Owner.swift; sourceTree = "<group>"; };
		6A8F4F2026341CF4009176E0 /* Repository.swift */ = {isa = PBXFileReference; lastKnownFileType = sourcecode.swift; path = Repository.swift; sourceTree = "<group>"; };
		6A8F4F2426341E8B009176E0 /* BaseResponse.swift */ = {isa = PBXFileReference; lastKnownFileType = sourcecode.swift; path = BaseResponse.swift; sourceTree = "<group>"; };
		6AA01DAF252F1CD9007997E6 /* Observable+Ext.swift */ = {isa = PBXFileReference; lastKnownFileType = sourcecode.swift; path = "Observable+Ext.swift"; sourceTree = "<group>"; };
		6AA01DC0252F1F6F007997E6 /* SceneCoordinator.swift */ = {isa = PBXFileReference; lastKnownFileType = sourcecode.swift; path = SceneCoordinator.swift; sourceTree = "<group>"; };
		6AA01DCB252F2013007997E6 /* Assembler.swift */ = {isa = PBXFileReference; lastKnownFileType = sourcecode.swift; path = Assembler.swift; sourceTree = "<group>"; };
		6AA01DCF252F2034007997E6 /* NetworkAssembly.swift */ = {isa = PBXFileReference; lastKnownFileType = sourcecode.swift; path = NetworkAssembly.swift; sourceTree = "<group>"; };
		6AA01DD9252F2054007997E6 /* UseCaseAssembly.swift */ = {isa = PBXFileReference; lastKnownFileType = sourcecode.swift; path = UseCaseAssembly.swift; sourceTree = "<group>"; };
		6AA01DED252F22DE007997E6 /* EnvironmentVariables.swift */ = {isa = PBXFileReference; lastKnownFileType = sourcecode.swift; path = EnvironmentVariables.swift; sourceTree = "<group>"; };
		6AA01DF1252F2461007997E6 /* BaseService.swift */ = {isa = PBXFileReference; lastKnownFileType = sourcecode.swift; path = BaseService.swift; sourceTree = "<group>"; };
		6AA01E35252F302C007997E6 /* RepositoryViewModel.swift */ = {isa = PBXFileReference; lastKnownFileType = sourcecode.swift; path = RepositoryViewModel.swift; sourceTree = "<group>"; };
		6AA01E78252F3A7F007997E6 /* Response+ObjectMapper.swift */ = {isa = PBXFileReference; lastKnownFileType = sourcecode.swift; path = "Response+ObjectMapper.swift"; sourceTree = "<group>"; };
		6AA01E7C252F3AAD007997E6 /* Moya+ObjectMapper.swift */ = {isa = PBXFileReference; lastKnownFileType = sourcecode.swift; path = "Moya+ObjectMapper.swift"; sourceTree = "<group>"; };
		6AA01E80252F3B53007997E6 /* ObseravableType+ObjectMapper.swift */ = {isa = PBXFileReference; lastKnownFileType = sourcecode.swift; path = "ObseravableType+ObjectMapper.swift"; sourceTree = "<group>"; };
		6AB2DD62252F570D00286EC0 /* FeatureAssembly.swift */ = {isa = PBXFileReference; lastKnownFileType = sourcecode.swift; path = FeatureAssembly.swift; sourceTree = "<group>"; };
		6AB2DD6C252F580700286EC0 /* SearchRepositorySpec.swift */ = {isa = PBXFileReference; lastKnownFileType = sourcecode.swift; path = SearchRepositorySpec.swift; sourceTree = "<group>"; };
		6AB2DDAC252F612500286EC0 /* StubDataHelper.swift */ = {isa = PBXFileReference; lastKnownFileType = sourcecode.swift; path = StubDataHelper.swift; sourceTree = "<group>"; };
		6AB2DDCA252F6B3800286EC0 /* repository_json_success.json */ = {isa = PBXFileReference; lastKnownFileType = text.json; path = repository_json_success.json; sourceTree = "<group>"; };
		6ADB02C525303913006DAF8E /* DeliveryTableViewCell.swift */ = {isa = PBXFileReference; lastKnownFileType = sourcecode.swift; path = DeliveryTableViewCell.swift; sourceTree = "<group>"; };
		6ADB02C925303955006DAF8E /* With.swift */ = {isa = PBXFileReference; lastKnownFileType = sourcecode.swift; path = With.swift; sourceTree = "<group>"; };
		6ADB02CE25303A26006DAF8E /* BounceButton.swift */ = {isa = PBXFileReference; lastKnownFileType = sourcecode.swift; path = BounceButton.swift; sourceTree = "<group>"; };
		6ADB02D425303A70006DAF8E /* UIView+Ext.swift */ = {isa = PBXFileReference; lastKnownFileType = sourcecode.swift; path = "UIView+Ext.swift"; sourceTree = "<group>"; };
		6ADB02DA25303D47006DAF8E /* Constants.swift */ = {isa = PBXFileReference; lastKnownFileType = sourcecode.swift; path = Constants.swift; sourceTree = "<group>"; };
		6ADB02DE25303DD6006DAF8E /* BaseCollectionViewCell.swift */ = {isa = PBXFileReference; lastKnownFileType = sourcecode.swift; path = BaseCollectionViewCell.swift; sourceTree = "<group>"; };
		6ADB02E22530421A006DAF8E /* DeliveryCellViewModel.swift */ = {isa = PBXFileReference; lastKnownFileType = sourcecode.swift; path = DeliveryCellViewModel.swift; sourceTree = "<group>"; };
		6ADB02F225305644006DAF8E /* UIScrollView+Ext.swift */ = {isa = PBXFileReference; lastKnownFileType = sourcecode.swift; path = "UIScrollView+Ext.swift"; sourceTree = "<group>"; };
		6AEBA9FB26366A9C001B6F0A /* success_empty.json */ = {isa = PBXFileReference; lastKnownFileType = text.json; path = success_empty.json; sourceTree = "<group>"; };
		6AEBA9FF26366E49001B6F0A /* BaseTableViewCell.swift */ = {isa = PBXFileReference; lastKnownFileType = sourcecode.swift; path = BaseTableViewCell.swift; sourceTree = "<group>"; };
		6AEBAA7926367680001B6F0A /* RepositorySectionModel.swift */ = {isa = PBXFileReference; lastKnownFileType = sourcecode.swift; path = RepositorySectionModel.swift; sourceTree = "<group>"; };
		B24C99BC46201D12AB614C71 /* Pods-technicalexamTests.release.xcconfig */ = {isa = PBXFileReference; includeInIndex = 1; lastKnownFileType = text.xcconfig; name = "Pods-technicalexamTests.release.xcconfig"; path = "Target Support Files/Pods-technicalexamTests/Pods-technicalexamTests.release.xcconfig"; sourceTree = "<group>"; };
		C046C6537F09C6F41A5EE9D2 /* Pods_technicalexamTests.framework */ = {isa = PBXFileReference; explicitFileType = wrapper.framework; includeInIndex = 0; path = Pods_technicalexamTests.framework; sourceTree = BUILT_PRODUCTS_DIR; };
		ECFE59E5BB22712A30621EBA /* Pods-technicalexam.release.xcconfig */ = {isa = PBXFileReference; includeInIndex = 1; lastKnownFileType = text.xcconfig; name = "Pods-technicalexam.release.xcconfig"; path = "Target Support Files/Pods-technicalexam/Pods-technicalexam.release.xcconfig"; sourceTree = "<group>"; };
/* End PBXFileReference section */

/* Begin PBXFrameworksBuildPhase section */
		6A2A63CA252F137200091A13 /* Frameworks */ = {
			isa = PBXFrameworksBuildPhase;
			buildActionMask = 2147483647;
			files = (
				7B3352EB78478E9DE2F4F2C9 /* Pods_technicalexam.framework in Frameworks */,
			);
			runOnlyForDeploymentPostprocessing = 0;
		};
		6A2A63E0252F137900091A13 /* Frameworks */ = {
			isa = PBXFrameworksBuildPhase;
			buildActionMask = 2147483647;
			files = (
				8F5F39E9D48CBEA133F5BC99 /* Pods_technicalexamTests.framework in Frameworks */,
			);
			runOnlyForDeploymentPostprocessing = 0;
		};
/* End PBXFrameworksBuildPhase section */

/* Begin PBXGroup section */
		6A2A63C4252F137200091A13 = {
			isa = PBXGroup;
			children = (
				6A2A63CF252F137200091A13 /* technicalexam */,
				6A2A63E6252F137900091A13 /* technicalexamTests */,
				6A2A63CE252F137200091A13 /* Products */,
				C4B1CB2DE4CC653D2EF210DF /* Pods */,
				B31CC65C155960978A1E7E8E /* Frameworks */,
			);
			sourceTree = "<group>";
		};
		6A2A63CE252F137200091A13 /* Products */ = {
			isa = PBXGroup;
			children = (
				6A2A63CD252F137200091A13 /* technicalexam.app */,
				6A2A63E3252F137900091A13 /* technicalexamTests.xctest */,
			);
			name = Products;
			sourceTree = "<group>";
		};
		6A2A63CF252F137200091A13 /* technicalexam */ = {
			isa = PBXGroup;
			children = (
				6AA01DBF252F1F4A007997E6 /* App */,
				6A6CB9AC252F146100A52337 /* Coordinator */,
				6AA01DC9252F1FC2007997E6 /* Dependency Injection */,
				6AA01DB7252F1EB2007997E6 /* Data */,
				6AA01DFC252F25EE007997E6 /* Domain */,
				6AA01DAE252F1CC7007997E6 /* Extensions */,
				6AA01E39252F31F3007997E6 /* UseCase */,
				6AA01DEC252F22C9007997E6 /* Utilities */,
				6AA01DC6252F1F94007997E6 /* Views */,
				6A2A63D6252F137900091A13 /* Assets.xcassets */,
				6A2A63DB252F137900091A13 /* LaunchScreen.storyboard */,
				6A2A63DE252F137900091A13 /* Info.plist */,
				6A2A63D8252F137900091A13 /* Preview Content */,
			);
			path = technicalexam;
			sourceTree = "<group>";
		};
		6A2A63D8252F137900091A13 /* Preview Content */ = {
			isa = PBXGroup;
			children = (
				6A2A63D9252F137900091A13 /* Preview Assets.xcassets */,
			);
			path = "Preview Content";
			sourceTree = "<group>";
		};
		6A2A63E6252F137900091A13 /* technicalexamTests */ = {
			isa = PBXGroup;
			children = (
				6AB2DDAC252F612500286EC0 /* StubDataHelper.swift */,
				6AB2DD6B252F57E100286EC0 /* Delivery */,
				6A2A63E9252F137900091A13 /* Info.plist */,
			);
			path = technicalexamTests;
			sourceTree = "<group>";
		};
		6A2A63F2252F140900091A13 /* Delivery Listing */ = {
			isa = PBXGroup;
			children = (
				6A393FD32532851B00C6A177 /* Widgets */,
				6ADB02BC2530383D006DAF8E /* Cells */,
				6A6CB9A8252F145900A52337 /* RepositoryViewController.swift */,
				6AA01E35252F302C007997E6 /* RepositoryViewModel.swift */,
				6AEBAA7926367680001B6F0A /* RepositorySectionModel.swift */,
			);
			path = "Delivery Listing";
			sourceTree = "<group>";
		};
		6A393FA825313C5E00C6A177 /* Fonts */ = {
			isa = PBXGroup;
			children = (
				6A393FA925313CDD00C6A177 /* Roboto-Bold.ttf */,
				6A393FAD25313CEA00C6A177 /* Roboto-Regular.ttf */,
			);
			path = Fonts;
			sourceTree = "<group>";
		};
		6A393FD32532851B00C6A177 /* Widgets */ = {
			isa = PBXGroup;
			children = (
				6A8F4F062632C9FA009176E0 /* SearchInputView.swift */,
				6AEBA9FF26366E49001B6F0A /* BaseTableViewCell.swift */,
			);
			path = Widgets;
			sourceTree = "<group>";
		};
		6A6CB9AC252F146100A52337 /* Coordinator */ = {
			isa = PBXGroup;
			children = (
				6A6CB9AD252F147100A52337 /* Coordinator.swift */,
			);
			path = Coordinator;
			sourceTree = "<group>";
		};
		6A88C45F263533CB007E5F81 /* WebView */ = {
			isa = PBXGroup;
			children = (
				6A88C46026353426007E5F81 /* WebViewCoordinator.swift */,
			);
			path = WebView;
			sourceTree = "<group>";
		};
		6A88C4A62635D1EF007E5F81 /* Issue */ = {
			isa = PBXGroup;
			children = (
				6A88C49E2635901A007E5F81 /* IssueViewModel.swift */,
				6A88C4A22635CDB8007E5F81 /* IssueTableViewCell.swift */,
			);
			path = Issue;
			sourceTree = "<group>";
		};
		6A88C4A72635D1FA007E5F81 /* Commit */ = {
			isa = PBXGroup;
			children = (
				6A88C47626357DFA007E5F81 /* CommitTableViewCell.swift */,
				6A88C49426358B85007E5F81 /* CommitViewModel.swift */,
			);
			path = Commit;
			sourceTree = "<group>";
		};
		6A88C4A82635D204007E5F81 /* Repository */ = {
			isa = PBXGroup;
			children = (
				6ADB02C525303913006DAF8E /* DeliveryTableViewCell.swift */,
				6ADB02E22530421A006DAF8E /* DeliveryCellViewModel.swift */,
			);
			path = Repository;
			sourceTree = "<group>";
		};
		6AA01DAE252F1CC7007997E6 /* Extensions */ = {
			isa = PBXGroup;
			children = (
				6AA01DAF252F1CD9007997E6 /* Observable+Ext.swift */,
				6ADB02D425303A70006DAF8E /* UIView+Ext.swift */,
				6ADB02F225305644006DAF8E /* UIScrollView+Ext.swift */,
				6A8F4F1626340646009176E0 /* String+Ext.swift */,
			);
			path = Extensions;
			sourceTree = "<group>";
		};
		6AA01DB7252F1EB2007997E6 /* Data */ = {
			isa = PBXGroup;
			children = (
				6AA01DE5252F2215007997E6 /* Service */,
			);
			path = Data;
			sourceTree = "<group>";
		};
		6AA01DBF252F1F4A007997E6 /* App */ = {
			isa = PBXGroup;
			children = (
				6A2A63D0252F137200091A13 /* AppDelegate.swift */,
				6A2A63D2252F137200091A13 /* SceneDelegate.swift */,
				6AA01DC0252F1F6F007997E6 /* SceneCoordinator.swift */,
			);
			path = App;
			sourceTree = "<group>";
		};
		6AA01DC6252F1F94007997E6 /* Views */ = {
			isa = PBXGroup;
			children = (
				6ADB02CD25303A13006DAF8E /* Widgets */,
				6A2A63F2252F140900091A13 /* Delivery Listing */,
				6A88C45F263533CB007E5F81 /* WebView */,
			);
			path = Views;
			sourceTree = "<group>";
		};
		6AA01DC9252F1FC2007997E6 /* Dependency Injection */ = {
			isa = PBXGroup;
			children = (
				6AA01DCB252F2013007997E6 /* Assembler.swift */,
				6AA01DCF252F2034007997E6 /* NetworkAssembly.swift */,
				6AA01DD9252F2054007997E6 /* UseCaseAssembly.swift */,
				6AB2DD62252F570D00286EC0 /* FeatureAssembly.swift */,
			);
			path = "Dependency Injection";
			sourceTree = "<group>";
		};
		6AA01DE5252F2215007997E6 /* Service */ = {
			isa = PBXGroup;
			children = (
				6AA01DF1252F2461007997E6 /* BaseService.swift */,
				6A8F4F102634039D009176E0 /* GithubSearchService.swift */,
			);
			path = Service;
			sourceTree = "<group>";
		};
		6AA01DEC252F22C9007997E6 /* Utilities */ = {
			isa = PBXGroup;
			children = (
				6A393FA825313C5E00C6A177 /* Fonts */,
				6AA01DED252F22DE007997E6 /* EnvironmentVariables.swift */,
				6AA01E78252F3A7F007997E6 /* Response+ObjectMapper.swift */,
				6AA01E7C252F3AAD007997E6 /* Moya+ObjectMapper.swift */,
				6AA01E80252F3B53007997E6 /* ObseravableType+ObjectMapper.swift */,
				6ADB02C925303955006DAF8E /* With.swift */,
				6ADB02DA25303D47006DAF8E /* Constants.swift */,
			);
			path = Utilities;
			sourceTree = "<group>";
		};
		6AA01DFC252F25EE007997E6 /* Domain */ = {
			isa = PBXGroup;
			children = (
				6AA01E03252F2813007997E6 /* Entities */,
			);
			path = Domain;
			sourceTree = "<group>";
		};
		6AA01E03252F2813007997E6 /* Entities */ = {
			isa = PBXGroup;
			children = (
				6A8F4F2426341E8B009176E0 /* BaseResponse.swift */,
				6A88C47E26358667007E5F81 /* Commit.swift */,
				6A88C4882635878F007E5F81 /* CommitDetail.swift */,
				6A88C48E263588FE007E5F81 /* Commiter.swift */,
				6A88C48226358684007E5F81 /* Issue.swift */,
				6A8F4F1C26341C77009176E0 /* Owner.swift */,
				6A8F4F2026341CF4009176E0 /* Repository.swift */,
			);
			path = Entities;
			sourceTree = "<group>";
		};
		6AA01E39252F31F3007997E6 /* UseCase */ = {
			isa = PBXGroup;
			children = (
				6A8F4F0C26340343009176E0 /* DefaultSearchRepositoryService.swift */,
				6A88C47A26358618007E5F81 /* DefaultSearchCommitUseCase.swift */,
				6A88C49826358F10007E5F81 /* DefeaultSearchIssueUseCase.swift */,
			);
			path = UseCase;
			sourceTree = "<group>";
		};
		6AB2DD6B252F57E100286EC0 /* Delivery */ = {
			isa = PBXGroup;
			children = (
				6AB2DDB0252F675200286EC0 /* stub */,
				6AB2DD6C252F580700286EC0 /* SearchRepositorySpec.swift */,
			);
			path = Delivery;
			sourceTree = "<group>";
		};
		6AB2DDB0252F675200286EC0 /* stub */ = {
			isa = PBXGroup;
			children = (
				6AB2DDCA252F6B3800286EC0 /* repository_json_success.json */,
				6A88C4B72635E305007E5F81 /* issues_json_success.json */,
				6A88C4BB2635E349007E5F81 /* commits_json_success.json */,
				6AEBA9FB26366A9C001B6F0A /* success_empty.json */,
			);
			path = stub;
			sourceTree = "<group>";
		};
		6ADB02BC2530383D006DAF8E /* Cells */ = {
			isa = PBXGroup;
			children = (
				6A88C4A82635D204007E5F81 /* Repository */,
				6A88C4A72635D1FA007E5F81 /* Commit */,
				6A88C4A62635D1EF007E5F81 /* Issue */,
			);
			path = Cells;
			sourceTree = "<group>";
		};
		6ADB02CD25303A13006DAF8E /* Widgets */ = {
			isa = PBXGroup;
			children = (
				6ADB02CE25303A26006DAF8E /* BounceButton.swift */,
				6ADB02DE25303DD6006DAF8E /* BaseCollectionViewCell.swift */,
				6A393FB725314FE800C6A177 /* ViewNavbar.swift */,
			);
			path = Widgets;
			sourceTree = "<group>";
		};
		B31CC65C155960978A1E7E8E /* Frameworks */ = {
			isa = PBXGroup;
			children = (
				5CB74DDC600CCA16C1C2A0A2 /* Pods_technicalexam.framework */,
				C046C6537F09C6F41A5EE9D2 /* Pods_technicalexamTests.framework */,
			);
			name = Frameworks;
			sourceTree = "<group>";
		};
		C4B1CB2DE4CC653D2EF210DF /* Pods */ = {
			isa = PBXGroup;
			children = (
				376190D21B3A0AFEBF2A0440 /* Pods-technicalexam.debug.xcconfig */,
				ECFE59E5BB22712A30621EBA /* Pods-technicalexam.release.xcconfig */,
				5451536C252CD8092495141A /* Pods-technicalexamTests.debug.xcconfig */,
				B24C99BC46201D12AB614C71 /* Pods-technicalexamTests.release.xcconfig */,
			);
			path = Pods;
			sourceTree = "<group>";
		};
/* End PBXGroup section */

/* Begin PBXNativeTarget section */
		6A2A63CC252F137200091A13 /* technicalexam */ = {
			isa = PBXNativeTarget;
			buildConfigurationList = 6A2A63EC252F137900091A13 /* Build configuration list for PBXNativeTarget "technicalexam" */;
			buildPhases = (
				2A86A319CE513BDFD809ECD7 /* [CP] Check Pods Manifest.lock */,
				6A2A63C9252F137200091A13 /* Sources */,
				6A2A63CA252F137200091A13 /* Frameworks */,
				6A2A63CB252F137200091A13 /* Resources */,
				6A460A202530191A002A8349 /* ShellScript */,
				332D62C0BCAABA848F60FDC9 /* [CP] Embed Pods Frameworks */,
			);
			buildRules = (
			);
			dependencies = (
			);
			name = technicalexam;
			productName = technicalexam;
			productReference = 6A2A63CD252F137200091A13 /* technicalexam.app */;
			productType = "com.apple.product-type.application";
		};
		6A2A63E2252F137900091A13 /* technicalexamTests */ = {
			isa = PBXNativeTarget;
			buildConfigurationList = 6A2A63EF252F137900091A13 /* Build configuration list for PBXNativeTarget "technicalexamTests" */;
			buildPhases = (
				385EF6DBF3252204930E7538 /* [CP] Check Pods Manifest.lock */,
				6A2A63DF252F137900091A13 /* Sources */,
				6A2A63E0252F137900091A13 /* Frameworks */,
				6A2A63E1252F137900091A13 /* Resources */,
				C5CF857486DF651C22B8B17E /* [CP] Embed Pods Frameworks */,
			);
			buildRules = (
			);
			dependencies = (
				6A2A63E5252F137900091A13 /* PBXTargetDependency */,
			);
			name = technicalexamTests;
			productName = technicalexamTests;
			productReference = 6A2A63E3252F137900091A13 /* technicalexamTests.xctest */;
			productType = "com.apple.product-type.bundle.unit-test";
		};
/* End PBXNativeTarget section */

/* Begin PBXProject section */
		6A2A63C5252F137200091A13 /* Project object */ = {
			isa = PBXProject;
			attributes = {
				LastSwiftUpdateCheck = 1170;
				LastUpgradeCheck = 1200;
				ORGANIZATIONNAME = iOS;
				TargetAttributes = {
					6A2A63CC252F137200091A13 = {
						CreatedOnToolsVersion = 11.7;
					};
					6A2A63E2252F137900091A13 = {
						CreatedOnToolsVersion = 11.7;
						TestTargetID = 6A2A63CC252F137200091A13;
					};
				};
			};
			buildConfigurationList = 6A2A63C8252F137200091A13 /* Build configuration list for PBXProject "technicalexam" */;
			compatibilityVersion = "Xcode 9.3";
			developmentRegion = en;
			hasScannedForEncodings = 0;
			knownRegions = (
				en,
				Base,
			);
			mainGroup = 6A2A63C4252F137200091A13;
			productRefGroup = 6A2A63CE252F137200091A13 /* Products */;
			projectDirPath = "";
			projectRoot = "";
			targets = (
				6A2A63CC252F137200091A13 /* technicalexam */,
				6A2A63E2252F137900091A13 /* technicalexamTests */,
			);
		};
/* End PBXProject section */

/* Begin PBXResourcesBuildPhase section */
		6A2A63CB252F137200091A13 /* Resources */ = {
			isa = PBXResourcesBuildPhase;
			buildActionMask = 2147483647;
			files = (
				6A2A63DD252F137900091A13 /* LaunchScreen.storyboard in Resources */,
				6A2A63DA252F137900091A13 /* Preview Assets.xcassets in Resources */,
				6A393FAE25313CEA00C6A177 /* Roboto-Regular.ttf in Resources */,
				6A393FAA25313CDD00C6A177 /* Roboto-Bold.ttf in Resources */,
				6A2A63D7252F137900091A13 /* Assets.xcassets in Resources */,
			);
			runOnlyForDeploymentPostprocessing = 0;
		};
		6A2A63E1252F137900091A13 /* Resources */ = {
			isa = PBXResourcesBuildPhase;
			buildActionMask = 2147483647;
			files = (
				6AB2DDCB252F6B3800286EC0 /* repository_json_success.json in Resources */,
				6AEBA9FC26366A9C001B6F0A /* success_empty.json in Resources */,
				6A88C4B82635E305007E5F81 /* issues_json_success.json in Resources */,
				6A88C4BC2635E349007E5F81 /* commits_json_success.json in Resources */,
			);
			runOnlyForDeploymentPostprocessing = 0;
		};
/* End PBXResourcesBuildPhase section */

/* Begin PBXShellScriptBuildPhase section */
		2A86A319CE513BDFD809ECD7 /* [CP] Check Pods Manifest.lock */ = {
			isa = PBXShellScriptBuildPhase;
			buildActionMask = 2147483647;
			files = (
			);
			inputFileListPaths = (
			);
			inputPaths = (
				"${PODS_PODFILE_DIR_PATH}/Podfile.lock",
				"${PODS_ROOT}/Manifest.lock",
			);
			name = "[CP] Check Pods Manifest.lock";
			outputFileListPaths = (
			);
			outputPaths = (
				"$(DERIVED_FILE_DIR)/Pods-technicalexam-checkManifestLockResult.txt",
			);
			runOnlyForDeploymentPostprocessing = 0;
			shellPath = /bin/sh;
			shellScript = "diff \"${PODS_PODFILE_DIR_PATH}/Podfile.lock\" \"${PODS_ROOT}/Manifest.lock\" > /dev/null\nif [ $? != 0 ] ; then\n    # print error to STDERR\n    echo \"error: The sandbox is not in sync with the Podfile.lock. Run 'pod install' or update your CocoaPods installation.\" >&2\n    exit 1\nfi\n# This output is used by Xcode 'outputs' to avoid re-running this script phase.\necho \"SUCCESS\" > \"${SCRIPT_OUTPUT_FILE_0}\"\n";
			showEnvVarsInLog = 0;
		};
		332D62C0BCAABA848F60FDC9 /* [CP] Embed Pods Frameworks */ = {
			isa = PBXShellScriptBuildPhase;
			buildActionMask = 2147483647;
			files = (
			);
			inputFileListPaths = (
				"${PODS_ROOT}/Target Support Files/Pods-technicalexam/Pods-technicalexam-frameworks-${CONFIGURATION}-input-files.xcfilelist",
			);
			name = "[CP] Embed Pods Frameworks";
			outputFileListPaths = (
				"${PODS_ROOT}/Target Support Files/Pods-technicalexam/Pods-technicalexam-frameworks-${CONFIGURATION}-output-files.xcfilelist",
			);
			runOnlyForDeploymentPostprocessing = 0;
			shellPath = /bin/sh;
			shellScript = "\"${PODS_ROOT}/Target Support Files/Pods-technicalexam/Pods-technicalexam-frameworks.sh\"\n";
			showEnvVarsInLog = 0;
		};
		385EF6DBF3252204930E7538 /* [CP] Check Pods Manifest.lock */ = {
			isa = PBXShellScriptBuildPhase;
			buildActionMask = 2147483647;
			files = (
			);
			inputFileListPaths = (
			);
			inputPaths = (
				"${PODS_PODFILE_DIR_PATH}/Podfile.lock",
				"${PODS_ROOT}/Manifest.lock",
			);
			name = "[CP] Check Pods Manifest.lock";
			outputFileListPaths = (
			);
			outputPaths = (
				"$(DERIVED_FILE_DIR)/Pods-technicalexamTests-checkManifestLockResult.txt",
			);
			runOnlyForDeploymentPostprocessing = 0;
			shellPath = /bin/sh;
			shellScript = "diff \"${PODS_PODFILE_DIR_PATH}/Podfile.lock\" \"${PODS_ROOT}/Manifest.lock\" > /dev/null\nif [ $? != 0 ] ; then\n    # print error to STDERR\n    echo \"error: The sandbox is not in sync with the Podfile.lock. Run 'pod install' or update your CocoaPods installation.\" >&2\n    exit 1\nfi\n# This output is used by Xcode 'outputs' to avoid re-running this script phase.\necho \"SUCCESS\" > \"${SCRIPT_OUTPUT_FILE_0}\"\n";
			showEnvVarsInLog = 0;
		};
		6A460A202530191A002A8349 /* ShellScript */ = {
			isa = PBXShellScriptBuildPhase;
			buildActionMask = 2147483647;
			files = (
			);
			inputFileListPaths = (
			);
			inputPaths = (
			);
			outputFileListPaths = (
			);
			outputPaths = (
			);
			runOnlyForDeploymentPostprocessing = 0;
			shellPath = /bin/sh;
			shellScript = "# Type a script or drag a script file from your workspace to insert its path.\n\"${PODS_ROOT}/SwiftLint/swiftlint\"\n";
		};
		C5CF857486DF651C22B8B17E /* [CP] Embed Pods Frameworks */ = {
			isa = PBXShellScriptBuildPhase;
			buildActionMask = 2147483647;
			files = (
			);
			inputFileListPaths = (
				"${PODS_ROOT}/Target Support Files/Pods-technicalexamTests/Pods-technicalexamTests-frameworks-${CONFIGURATION}-input-files.xcfilelist",
			);
			name = "[CP] Embed Pods Frameworks";
			outputFileListPaths = (
				"${PODS_ROOT}/Target Support Files/Pods-technicalexamTests/Pods-technicalexamTests-frameworks-${CONFIGURATION}-output-files.xcfilelist",
			);
			runOnlyForDeploymentPostprocessing = 0;
			shellPath = /bin/sh;
			shellScript = "\"${PODS_ROOT}/Target Support Files/Pods-technicalexamTests/Pods-technicalexamTests-frameworks.sh\"\n";
			showEnvVarsInLog = 0;
		};
/* End PBXShellScriptBuildPhase section */

/* Begin PBXSourcesBuildPhase section */
		6A2A63C9252F137200091A13 /* Sources */ = {
			isa = PBXSourcesBuildPhase;
			buildActionMask = 2147483647;
			files = (
				6A88C48F263588FE007E5F81 /* Commiter.swift in Sources */,
				6A88C49F2635901A007E5F81 /* IssueViewModel.swift in Sources */,
				6AEBAA7A26367680001B6F0A /* RepositorySectionModel.swift in Sources */,
				6A88C49926358F10007E5F81 /* DefeaultSearchIssueUseCase.swift in Sources */,
				6ADB02DB25303D47006DAF8E /* Constants.swift in Sources */,
				6AA01DCC252F2013007997E6 /* Assembler.swift in Sources */,
				6AA01DDA252F2054007997E6 /* UseCaseAssembly.swift in Sources */,
				6A2A63D1252F137200091A13 /* AppDelegate.swift in Sources */,
				6AA01DD0252F2034007997E6 /* NetworkAssembly.swift in Sources */,
				6AA01DF2252F2461007997E6 /* BaseService.swift in Sources */,
				6A8F4F2126341CF4009176E0 /* Repository.swift in Sources */,
				6A393FB825314FE800C6A177 /* ViewNavbar.swift in Sources */,
				6A8F4F1D26341C77009176E0 /* Owner.swift in Sources */,
				6ADB02CA25303955006DAF8E /* With.swift in Sources */,
				6A2A63D3252F137200091A13 /* SceneDelegate.swift in Sources */,
				6AA01E79252F3A7F007997E6 /* Response+ObjectMapper.swift in Sources */,
				6ADB02D525303A70006DAF8E /* UIView+Ext.swift in Sources */,
				6AA01E7D252F3AAD007997E6 /* Moya+ObjectMapper.swift in Sources */,
				6ADB02E32530421A006DAF8E /* DeliveryCellViewModel.swift in Sources */,
				6ADB02CF25303A26006DAF8E /* BounceButton.swift in Sources */,
				6A6CB9AE252F147100A52337 /* Coordinator.swift in Sources */,
				6AA01DEE252F22DE007997E6 /* EnvironmentVariables.swift in Sources */,
				6A8F4F072632C9FA009176E0 /* SearchInputView.swift in Sources */,
				6ADB02C625303913006DAF8E /* DeliveryTableViewCell.swift in Sources */,
				6A88C47F26358667007E5F81 /* Commit.swift in Sources */,
				6AA01DC1252F1F6F007997E6 /* SceneCoordinator.swift in Sources */,
				6AEBAA0026366E49001B6F0A /* BaseTableViewCell.swift in Sources */,
				6AB2DD63252F570D00286EC0 /* FeatureAssembly.swift in Sources */,
				6AA01E36252F302C007997E6 /* RepositoryViewModel.swift in Sources */,
				6A8F4F0D26340343009176E0 /* DefaultSearchRepositoryService.swift in Sources */,
				6AA01E81252F3B53007997E6 /* ObseravableType+ObjectMapper.swift in Sources */,
				6A88C46126353426007E5F81 /* WebViewCoordinator.swift in Sources */,
				6ADB02F325305644006DAF8E /* UIScrollView+Ext.swift in Sources */,
				6AA01DB0252F1CD9007997E6 /* Observable+Ext.swift in Sources */,
				6A88C47B26358618007E5F81 /* DefaultSearchCommitUseCase.swift in Sources */,
				6A88C4A32635CDB8007E5F81 /* IssueTableViewCell.swift in Sources */,
				6A88C49526358B85007E5F81 /* CommitViewModel.swift in Sources */,
				6A88C47726357DFA007E5F81 /* CommitTableViewCell.swift in Sources */,
				6A6CB9A9252F145900A52337 /* RepositoryViewController.swift in Sources */,
				6A8F4F1726340646009176E0 /* String+Ext.swift in Sources */,
				6A8F4F112634039D009176E0 /* GithubSearchService.swift in Sources */,
				6ADB02DF25303DD6006DAF8E /* BaseCollectionViewCell.swift in Sources */,
				6A8F4F2526341E8B009176E0 /* BaseResponse.swift in Sources */,
				6A88C48326358684007E5F81 /* Issue.swift in Sources */,
				6A88C4892635878F007E5F81 /* CommitDetail.swift in Sources */,
			);
			runOnlyForDeploymentPostprocessing = 0;
		};
		6A2A63DF252F137900091A13 /* Sources */ = {
			isa = PBXSourcesBuildPhase;
			buildActionMask = 2147483647;
			files = (
				6AB2DD6D252F580700286EC0 /* SearchRepositorySpec.swift in Sources */,
				6AB2DDAD252F612500286EC0 /* StubDataHelper.swift in Sources */,
			);
			runOnlyForDeploymentPostprocessing = 0;
		};
/* End PBXSourcesBuildPhase section */

/* Begin PBXTargetDependency section */
		6A2A63E5252F137900091A13 /* PBXTargetDependency */ = {
			isa = PBXTargetDependency;
			target = 6A2A63CC252F137200091A13 /* technicalexam */;
			targetProxy = 6A2A63E4252F137900091A13 /* PBXContainerItemProxy */;
		};
/* End PBXTargetDependency section */

/* Begin PBXVariantGroup section */
		6A2A63DB252F137900091A13 /* LaunchScreen.storyboard */ = {
			isa = PBXVariantGroup;
			children = (
				6A2A63DC252F137900091A13 /* Base */,
			);
			name = LaunchScreen.storyboard;
			sourceTree = "<group>";
		};
/* End PBXVariantGroup section */

/* Begin XCBuildConfiguration section */
		6A2A63EA252F137900091A13 /* Debug */ = {
			isa = XCBuildConfiguration;
			buildSettings = {
				ALWAYS_SEARCH_USER_PATHS = NO;
				CLANG_ANALYZER_NONNULL = YES;
				CLANG_ANALYZER_NUMBER_OBJECT_CONVERSION = YES_AGGRESSIVE;
				CLANG_CXX_LANGUAGE_STANDARD = "gnu++14";
				CLANG_CXX_LIBRARY = "libc++";
				CLANG_ENABLE_MODULES = YES;
				CLANG_ENABLE_OBJC_ARC = YES;
				CLANG_ENABLE_OBJC_WEAK = YES;
				CLANG_WARN_BLOCK_CAPTURE_AUTORELEASING = YES;
				CLANG_WARN_BOOL_CONVERSION = YES;
				CLANG_WARN_COMMA = YES;
				CLANG_WARN_CONSTANT_CONVERSION = YES;
				CLANG_WARN_DEPRECATED_OBJC_IMPLEMENTATIONS = YES;
				CLANG_WARN_DIRECT_OBJC_ISA_USAGE = YES_ERROR;
				CLANG_WARN_DOCUMENTATION_COMMENTS = YES;
				CLANG_WARN_EMPTY_BODY = YES;
				CLANG_WARN_ENUM_CONVERSION = YES;
				CLANG_WARN_INFINITE_RECURSION = YES;
				CLANG_WARN_INT_CONVERSION = YES;
				CLANG_WARN_NON_LITERAL_NULL_CONVERSION = YES;
				CLANG_WARN_OBJC_IMPLICIT_RETAIN_SELF = YES;
				CLANG_WARN_OBJC_LITERAL_CONVERSION = YES;
				CLANG_WARN_OBJC_ROOT_CLASS = YES_ERROR;
				CLANG_WARN_QUOTED_INCLUDE_IN_FRAMEWORK_HEADER = YES;
				CLANG_WARN_RANGE_LOOP_ANALYSIS = YES;
				CLANG_WARN_STRICT_PROTOTYPES = YES;
				CLANG_WARN_SUSPICIOUS_MOVE = YES;
				CLANG_WARN_UNGUARDED_AVAILABILITY = YES_AGGRESSIVE;
				CLANG_WARN_UNREACHABLE_CODE = YES;
				CLANG_WARN__DUPLICATE_METHOD_MATCH = YES;
				COPY_PHASE_STRIP = NO;
				DEBUG_INFORMATION_FORMAT = dwarf;
				ENABLE_STRICT_OBJC_MSGSEND = YES;
				ENABLE_TESTABILITY = YES;
				GCC_C_LANGUAGE_STANDARD = gnu11;
				GCC_DYNAMIC_NO_PIC = NO;
				GCC_NO_COMMON_BLOCKS = YES;
				GCC_OPTIMIZATION_LEVEL = 0;
				GCC_PREPROCESSOR_DEFINITIONS = (
					"DEBUG=1",
					"$(inherited)",
				);
				GCC_WARN_64_TO_32_BIT_CONVERSION = YES;
				GCC_WARN_ABOUT_RETURN_TYPE = YES_ERROR;
				GCC_WARN_UNDECLARED_SELECTOR = YES;
				GCC_WARN_UNINITIALIZED_AUTOS = YES_AGGRESSIVE;
				GCC_WARN_UNUSED_FUNCTION = YES;
				GCC_WARN_UNUSED_VARIABLE = YES;
				IPHONEOS_DEPLOYMENT_TARGET = 13.7;
				MTL_ENABLE_DEBUG_INFO = INCLUDE_SOURCE;
				MTL_FAST_MATH = YES;
				ONLY_ACTIVE_ARCH = YES;
				SDKROOT = iphoneos;
				SWIFT_ACTIVE_COMPILATION_CONDITIONS = DEBUG;
				SWIFT_OPTIMIZATION_LEVEL = "-Onone";
			};
			name = Debug;
		};
		6A2A63EB252F137900091A13 /* Release */ = {
			isa = XCBuildConfiguration;
			buildSettings = {
				ALWAYS_SEARCH_USER_PATHS = NO;
				CLANG_ANALYZER_NONNULL = YES;
				CLANG_ANALYZER_NUMBER_OBJECT_CONVERSION = YES_AGGRESSIVE;
				CLANG_CXX_LANGUAGE_STANDARD = "gnu++14";
				CLANG_CXX_LIBRARY = "libc++";
				CLANG_ENABLE_MODULES = YES;
				CLANG_ENABLE_OBJC_ARC = YES;
				CLANG_ENABLE_OBJC_WEAK = YES;
				CLANG_WARN_BLOCK_CAPTURE_AUTORELEASING = YES;
				CLANG_WARN_BOOL_CONVERSION = YES;
				CLANG_WARN_COMMA = YES;
				CLANG_WARN_CONSTANT_CONVERSION = YES;
				CLANG_WARN_DEPRECATED_OBJC_IMPLEMENTATIONS = YES;
				CLANG_WARN_DIRECT_OBJC_ISA_USAGE = YES_ERROR;
				CLANG_WARN_DOCUMENTATION_COMMENTS = YES;
				CLANG_WARN_EMPTY_BODY = YES;
				CLANG_WARN_ENUM_CONVERSION = YES;
				CLANG_WARN_INFINITE_RECURSION = YES;
				CLANG_WARN_INT_CONVERSION = YES;
				CLANG_WARN_NON_LITERAL_NULL_CONVERSION = YES;
				CLANG_WARN_OBJC_IMPLICIT_RETAIN_SELF = YES;
				CLANG_WARN_OBJC_LITERAL_CONVERSION = YES;
				CLANG_WARN_OBJC_ROOT_CLASS = YES_ERROR;
				CLANG_WARN_QUOTED_INCLUDE_IN_FRAMEWORK_HEADER = YES;
				CLANG_WARN_RANGE_LOOP_ANALYSIS = YES;
				CLANG_WARN_STRICT_PROTOTYPES = YES;
				CLANG_WARN_SUSPICIOUS_MOVE = YES;
				CLANG_WARN_UNGUARDED_AVAILABILITY = YES_AGGRESSIVE;
				CLANG_WARN_UNREACHABLE_CODE = YES;
				CLANG_WARN__DUPLICATE_METHOD_MATCH = YES;
				COPY_PHASE_STRIP = NO;
				DEBUG_INFORMATION_FORMAT = "dwarf-with-dsym";
				ENABLE_NS_ASSERTIONS = NO;
				ENABLE_STRICT_OBJC_MSGSEND = YES;
				GCC_C_LANGUAGE_STANDARD = gnu11;
				GCC_NO_COMMON_BLOCKS = YES;
				GCC_WARN_64_TO_32_BIT_CONVERSION = YES;
				GCC_WARN_ABOUT_RETURN_TYPE = YES_ERROR;
				GCC_WARN_UNDECLARED_SELECTOR = YES;
				GCC_WARN_UNINITIALIZED_AUTOS = YES_AGGRESSIVE;
				GCC_WARN_UNUSED_FUNCTION = YES;
				GCC_WARN_UNUSED_VARIABLE = YES;
				IPHONEOS_DEPLOYMENT_TARGET = 13.7;
				MTL_ENABLE_DEBUG_INFO = NO;
				MTL_FAST_MATH = YES;
				SDKROOT = iphoneos;
				SWIFT_COMPILATION_MODE = wholemodule;
				SWIFT_OPTIMIZATION_LEVEL = "-O";
				VALIDATE_PRODUCT = YES;
			};
			name = Release;
		};
		6A2A63ED252F137900091A13 /* Debug */ = {
			isa = XCBuildConfiguration;
			baseConfigurationReference = 376190D21B3A0AFEBF2A0440 /* Pods-technicalexam.debug.xcconfig */;
			buildSettings = {
				ASSETCATALOG_COMPILER_APPICON_NAME = AppIcon;
				CODE_SIGN_IDENTITY = "Apple Development";
				CODE_SIGN_STYLE = Automatic;
				DEVELOPMENT_ASSET_PATHS = "\"technicalexam/Preview Content\"";
				DEVELOPMENT_TEAM = 5U5SX82NR9;
				ENABLE_PREVIEWS = YES;
				INFOPLIST_FILE = technicalexam/Info.plist;
				LD_RUNPATH_SEARCH_PATHS = (
					"$(inherited)",
					"@executable_path/Frameworks",
				);
				PRODUCT_BUNDLE_IDENTIFIER = com.markcadag.app.technicalexam;
				PRODUCT_NAME = "$(TARGET_NAME)";
				PROVISIONING_PROFILE_SPECIFIER = "";
				SWIFT_VERSION = 5.0;
				TARGETED_DEVICE_FAMILY = "1,2";
			};
			name = Debug;
		};
		6A2A63EE252F137900091A13 /* Release */ = {
			isa = XCBuildConfiguration;
			baseConfigurationReference = ECFE59E5BB22712A30621EBA /* Pods-technicalexam.release.xcconfig */;
			buildSettings = {
				ASSETCATALOG_COMPILER_APPICON_NAME = AppIcon;
				CODE_SIGN_IDENTITY = "Apple Development";
				CODE_SIGN_STYLE = Automatic;
				DEVELOPMENT_ASSET_PATHS = "\"technicalexam/Preview Content\"";
				DEVELOPMENT_TEAM = 5U5SX82NR9;
				ENABLE_PREVIEWS = YES;
				INFOPLIST_FILE = technicalexam/Info.plist;
				LD_RUNPATH_SEARCH_PATHS = (
					"$(inherited)",
					"@executable_path/Frameworks",
				);
				PRODUCT_BUNDLE_IDENTIFIER = com.markcadag.app.technicalexam;
				PRODUCT_NAME = "$(TARGET_NAME)";
				PROVISIONING_PROFILE_SPECIFIER = "";
				SWIFT_VERSION = 5.0;
				TARGETED_DEVICE_FAMILY = "1,2";
			};
			name = Release;
		};
		6A2A63F0252F137900091A13 /* Debug */ = {
			isa = XCBuildConfiguration;
			baseConfigurationReference = 5451536C252CD8092495141A /* Pods-technicalexamTests.debug.xcconfig */;
			buildSettings = {
				BUNDLE_LOADER = "$(TEST_HOST)";
				CODE_SIGN_STYLE = Automatic;
				INFOPLIST_FILE = technicalexamTests/Info.plist;
				IPHONEOS_DEPLOYMENT_TARGET = 13.7;
				LD_RUNPATH_SEARCH_PATHS = (
					"$(inherited)",
					"@executable_path/Frameworks",
					"@loader_path/Frameworks",
				);
				PRODUCT_BUNDLE_IDENTIFIER = com.markcadag.app.technicalexamTests;
				PRODUCT_NAME = "$(TARGET_NAME)";
				SWIFT_VERSION = 5.0;
				TARGETED_DEVICE_FAMILY = "1,2";
				TEST_HOST = "$(BUILT_PRODUCTS_DIR)/technicalexam.app/technicalexam";
			};
			name = Debug;
		};
		6A2A63F1252F137900091A13 /* Release */ = {
			isa = XCBuildConfiguration;
			baseConfigurationReference = B24C99BC46201D12AB614C71 /* Pods-technicalexamTests.release.xcconfig */;
			buildSettings = {
				BUNDLE_LOADER = "$(TEST_HOST)";
				CODE_SIGN_STYLE = Automatic;
				INFOPLIST_FILE = technicalexamTests/Info.plist;
				IPHONEOS_DEPLOYMENT_TARGET = 13.7;
				LD_RUNPATH_SEARCH_PATHS = (
					"$(inherited)",
					"@executable_path/Frameworks",
					"@loader_path/Frameworks",
				);
				PRODUCT_BUNDLE_IDENTIFIER = com.markcadag.app.technicalexamTests;
				PRODUCT_NAME = "$(TARGET_NAME)";
				SWIFT_VERSION = 5.0;
				TARGETED_DEVICE_FAMILY = "1,2";
				TEST_HOST = "$(BUILT_PRODUCTS_DIR)/technicalexam.app/technicalexam";
			};
			name = Release;
		};
/* End XCBuildConfiguration section */

/* Begin XCConfigurationList section */
		6A2A63C8252F137200091A13 /* Build configuration list for PBXProject "technicalexam" */ = {
			isa = XCConfigurationList;
			buildConfigurations = (
				6A2A63EA252F137900091A13 /* Debug */,
				6A2A63EB252F137900091A13 /* Release */,
			);
			defaultConfigurationIsVisible = 0;
			defaultConfigurationName = Release;
		};
		6A2A63EC252F137900091A13 /* Build configuration list for PBXNativeTarget "technicalexam" */ = {
			isa = XCConfigurationList;
			buildConfigurations = (
				6A2A63ED252F137900091A13 /* Debug */,
				6A2A63EE252F137900091A13 /* Release */,
			);
			defaultConfigurationIsVisible = 0;
			defaultConfigurationName = Release;
		};
		6A2A63EF252F137900091A13 /* Build configuration list for PBXNativeTarget "technicalexamTests" */ = {
			isa = XCConfigurationList;
			buildConfigurations = (
				6A2A63F0252F137900091A13 /* Debug */,
				6A2A63F1252F137900091A13 /* Release */,
			);
			defaultConfigurationIsVisible = 0;
			defaultConfigurationName = Release;
		};
/* End XCConfigurationList section */
	};
	rootObject = 6A2A63C5252F137200091A13 /* Project object */;
}
